
{
  "name": "duocash-future-finance",
  "version": "1.0.0",
  "lockfileVersion": 3,
  "requires": true,
  "packages": {
    "": {
      "name": "duocash-future-finance",
      "version": "1.0.0",
      "dependencies": {
        "@google/genai": "^1.37.0",
        "firebase": "^11.3.1",
        "lucide-react": "^0.562.0",
        "react": "^19.2.3",
        "react-dom": "^19.2.3"
      },
      "devDependencies": {
        "@types/react": "^19.0.0",
        "@types/react-dom": "^19.0.0",
        "typescript": "^5.0.0"
      }
    }
  }
}
